
Microsoft Visual Studio Solution File, Format Version 12.00
# Visual Studio Version 17
VisualStudioVersion = 17.14.36623.8 d17.14
MinimumVisualStudioVersion = 10.0.40219.1
Project("{FAE04EC0-301F-11D3-BF4B-00C04F79EFBC}") = "DateCalculator", "DateCalculator.csproj", "{A3935FCD-7574-4A02-A6A3-F42E51096E62}"
EndProject
Project("{FAE04EC0-301F-11D3-BF4B-00C04F79EFBC}") = "DateCalculator.Tests", "..\DateCalculator.Tests\DateCalculator.Tests.csproj", "{048F8EF5-3258-474E-8C91-09DE15982E0E}"
EndProject
Global
	GlobalSection(SolutionConfigurationPlatforms) = preSolution
		Debug|Any CPU = Debug|Any CPU
		Release|Any CPU = Release|Any CPU
	EndGlobalSection
	GlobalSection(ProjectConfigurationPlatforms) = postSolution
		{A3935FCD-7574-4A02-A6A3-F42E51096E62}.Debug|Any CPU.ActiveCfg = Debug|Any CPU
		{A3935FCD-7574-4A02-A6A3-F42E51096E62}.Debug|Any CPU.Build.0 = Debug|Any CPU
		{A3935FCD-7574-4A02-A6A3-F42E51096E62}.Release|Any CPU.ActiveCfg = Release|Any CPU
		{A3935FCD-7574-4A02-A6A3-F42E51096E62}.Release|Any CPU.Build.0 = Release|Any CPU
		{048F8EF5-3258-474E-8C91-09DE15982E0E}.Debug|Any CPU.ActiveCfg = Debug|Any CPU
		{048F8EF5-3258-474E-8C91-09DE15982E0E}.Debug|Any CPU.Build.0 = Debug|Any CPU
		{048F8EF5-3258-474E-8C91-09DE15982E0E}.Release|Any CPU.ActiveCfg = Release|Any CPU
		{048F8EF5-3258-474E-8C91-09DE15982E0E}.Release|Any CPU.Build.0 = Release|Any CPU
	EndGlobalSection
	GlobalSection(SolutionProperties) = preSolution
		HideSolutionNode = FALSE
	EndGlobalSection
	GlobalSection(ExtensibilityGlobals) = postSolution
		SolutionGuid = {2ABE5B7C-397C-44A3-84BA-8F6C73AC86E3}
	EndGlobalSection
EndGlobal
